
Microsoft Visual Studio Solution File, Format Version 12.00
# Visual Studio Version 16
VisualStudioVersion = 16.0.31624.102
MinimumVisualStudioVersion = 10.0.40219.1
Project("{FAE04EC0-301F-11D3-BF4B-00C04F79EFBC}") = "ImageSelection", "ImageSelection\ImageSelection.csproj", "{1DD16A63-1C67-47C7-84B5-EB12E3D96503}"
EndProject
Global
	GlobalSection(SolutionConfigurationPlatforms) = preSolution
		Debug|Any CPU = Debug|Any CPU
		Release|Any CPU = Release|Any CPU
	EndGlobalSection
	GlobalSection(ProjectConfigurationPlatforms) = postSolution
		{1DD16A63-1C67-47C7-84B5-EB12E3D96503}.Debug|Any CPU.ActiveCfg = Debug|Any CPU
		{1DD16A63-1C67-47C7-84B5-EB12E3D96503}.Debug|Any CPU.Build.0 = Debug|Any CPU
		{1DD16A63-1C67-47C7-84B5-EB12E3D96503}.Release|Any CPU.ActiveCfg = Release|Any CPU
		{1DD16A63-1C67-47C7-84B5-EB12E3D96503}.Release|Any CPU.Build.0 = Release|Any CPU
	EndGlobalSection
	GlobalSection(SolutionProperties) = preSolution
		HideSolutionNode = FALSE
	EndGlobalSection
	GlobalSection(ExtensibilityGlobals) = postSolution
		SolutionGuid = {6A9DA44C-7AD5-4DFE-99E2-837B93885808}
	EndGlobalSection
EndGlobal
